
Microsoft Visual Studio Solution File, Format Version 12.00
# Visual Studio Version 16
VisualStudioVersion = 16.0.30907.101
MinimumVisualStudioVersion = 10.0.40219.1
Project("{9A19103F-16F7-4668-BE54-9A1E7A4F7556}") = "LoggingLearning", "LoggingLearning.csproj", "{69761EC5-093D-4369-871D-CA089830381B}"
EndProject
Global
	GlobalSection(SolutionConfigurationPlatforms) = preSolution
		Debug|Any CPU = Debug|Any CPU
		Release|Any CPU = Release|Any CPU
	EndGlobalSection
	GlobalSection(ProjectConfigurationPlatforms) = postSolution
		{69761EC5-093D-4369-871D-CA089830381B}.Debug|Any CPU.ActiveCfg = Debug|Any CPU
		{69761EC5-093D-4369-871D-CA089830381B}.Debug|Any CPU.Build.0 = Debug|Any CPU
		{69761EC5-093D-4369-871D-CA089830381B}.Release|Any CPU.ActiveCfg = Release|Any CPU
		{69761EC5-093D-4369-871D-CA089830381B}.Release|Any CPU.Build.0 = Release|Any CPU
	EndGlobalSection
	GlobalSection(SolutionProperties) = preSolution
		HideSolutionNode = FALSE
	EndGlobalSection
	GlobalSection(ExtensibilityGlobals) = postSolution
		SolutionGuid = {5F66332E-1284-4CE0-99DA-AD9E33779CE7}
	EndGlobalSection
EndGlobal
